Microsoft Visual Studio Solution File, Format Version 12.00
# Visual Studio Version 17
VisualStudioVersion = 17.5.2.0
MinimumVisualStudioVersion = 10.0.40219.1
Project("{FAE04EC0-301F-11D3-BF4B-00C04F79EFBC}") = "gerenciador", "gerenciador\gerenciador.csproj", "{D05E2BA8-0380-33BE-5E97-391D5EB928A6}"
EndProject
Global
	GlobalSection(SolutionConfigurationPlatforms) = preSolution
		Debug|Any CPU = Debug|Any CPU
		Release|Any CPU = Release|Any CPU
	EndGlobalSection
	GlobalSection(ProjectConfigurationPlatforms) = postSolution
		{D05E2BA8-0380-33BE-5E97-391D5EB928A6}.Debug|Any CPU.ActiveCfg = Debug|Any CPU
		{D05E2BA8-0380-33BE-5E97-391D5EB928A6}.Debug|Any CPU.Build.0 = Debug|Any CPU
		{D05E2BA8-0380-33BE-5E97-391D5EB928A6}.Release|Any CPU.ActiveCfg = Release|Any CPU
		{D05E2BA8-0380-33BE-5E97-391D5EB928A6}.Release|Any CPU.Build.0 = Release|Any CPU
	EndGlobalSection
	GlobalSection(SolutionProperties) = preSolution
		HideSolutionNode = FALSE
	EndGlobalSection
	GlobalSection(ExtensibilityGlobals) = postSolution
		SolutionGuid = {E5BF8F1D-83D4-4044-A58C-E67E32D45DD7}
	EndGlobalSection
EndGlobal
